
Microsoft Visual Studio Solution File, Format Version 12.00
# Visual Studio Version 17
VisualStudioVersion = 17.0.31903.59
MinimumVisualStudioVersion = 10.0.40219.1
Project("{2150E333-8FDC-42A3-9474-1A3956D46DE8}") = "src", "src", "{827E0CD3-B72D-47B6-A68D-7590B98EB39B}"
EndProject
Project("{FAE04EC0-301F-11D3-BF4B-00C04F79EFBC}") = "ShiftAI.Core", "src\ShiftAI.Core\ShiftAI.Core.csproj", "{117D9B17-4155-4706-89C8-B8B23B21C70D}"
EndProject
Project("{FAE04EC0-301F-11D3-BF4B-00C04F79EFBC}") = "ShiftAI.App", "src\ShiftAI.App\ShiftAI.App.csproj", "{88CBF710-69CE-4E83-8E38-E3C4584C9E82}"
EndProject
Project("{2150E333-8FDC-42A3-9474-1A3956D46DE8}") = "tests", "tests", "{0AB3BF05-4346-4AA6-1389-037BE0695223}"
EndProject
Project("{FAE04EC0-301F-11D3-BF4B-00C04F79EFBC}") = "ShiftAI.Tests", "tests\ShiftAI.Tests\ShiftAI.Tests.csproj", "{32F73A38-43B1-4E91-85E0-2CBE65029B16}"
EndProject
Project("{FAE04EC0-301F-11D3-BF4B-00C04F79EFBC}") = "ShiftAI.GetoMock", "src\ShiftAI.GetoMock\ShiftAI.GetoMock.csproj", "{48F97E46-5683-43E6-B1BE-0B79DABCF5F6}"
EndProject
Project("{FAE04EC0-301F-11D3-BF4B-00C04F79EFBC}") = "ShiftAI.HandSmoke", "tests\ShiftAI.HandSmoke\ShiftAI.HandSmoke.csproj", "{CF67191C-F606-4E87-97BD-B3BD1C0C90ED}"
EndProject
Project("{FAE04EC0-301F-11D3-BF4B-00C04F79EFBC}") = "ShiftAI.GetoProbe", "src\ShiftAI.GetoProbe\ShiftAI.GetoProbe.csproj", "{3C91C820-FC08-4756-8897-351D07D48727}"
EndProject
Global
	GlobalSection(SolutionConfigurationPlatforms) = preSolution
		Debug|Any CPU = Debug|Any CPU
		Debug|x64 = Debug|x64
		Debug|x86 = Debug|x86
		Release|Any CPU = Release|Any CPU
		Release|x64 = Release|x64
		Release|x86 = Release|x86
	EndGlobalSection
	GlobalSection(ProjectConfigurationPlatforms) = postSolution
		{117D9B17-4155-4706-89C8-B8B23B21C70D}.Debug|Any CPU.ActiveCfg = Debug|Any CPU
		{117D9B17-4155-4706-89C8-B8B23B21C70D}.Debug|Any CPU.Build.0 = Debug|Any CPU
		{117D9B17-4155-4706-89C8-B8B23B21C70D}.Debug|x64.ActiveCfg = Debug|Any CPU
		{117D9B17-4155-4706-89C8-B8B23B21C70D}.Debug|x64.Build.0 = Debug|Any CPU
		{117D9B17-4155-4706-89C8-B8B23B21C70D}.Debug|x86.ActiveCfg = Debug|Any CPU
		{117D9B17-4155-4706-89C8-B8B23B21C70D}.Debug|x86.Build.0 = Debug|Any CPU
		{117D9B17-4155-4706-89C8-B8B23B21C70D}.Release|Any CPU.ActiveCfg = Release|Any CPU
		{117D9B17-4155-4706-89C8-B8B23B21C70D}.Release|Any CPU.Build.0 = Release|Any CPU
		{117D9B17-4155-4706-89C8-B8B23B21C70D}.Release|x64.ActiveCfg = Release|Any CPU
		{117D9B17-4155-4706-89C8-B8B23B21C70D}.Release|x64.Build.0 = Release|Any CPU
		{117D9B17-4155-4706-89C8-B8B23B21C70D}.Release|x86.ActiveCfg = Release|Any CPU
		{117D9B17-4155-4706-89C8-B8B23B21C70D}.Release|x86.Build.0 = Release|Any CPU
		{88CBF710-69CE-4E83-8E38-E3C4584C9E82}.Debug|Any CPU.ActiveCfg = Debug|Any CPU
		{88CBF710-69CE-4E83-8E38-E3C4584C9E82}.Debug|Any CPU.Build.0 = Debug|Any CPU
		{88CBF710-69CE-4E83-8E38-E3C4584C9E82}.Debug|x64.ActiveCfg = Debug|Any CPU
		{88CBF710-69CE-4E83-8E38-E3C4584C9E82}.Debug|x64.Build.0 = Debug|Any CPU
		{88CBF710-69CE-4E83-8E38-E3C4584C9E82}.Debug|x86.ActiveCfg = Debug|Any CPU
		{88CBF710-69CE-4E83-8E38-E3C4584C9E82}.Debug|x86.Build.0 = Debug|Any CPU
		{88CBF710-69CE-4E83-8E38-E3C4584C9E82}.Release|Any CPU.ActiveCfg = Release|Any CPU
		{88CBF710-69CE-4E83-8E38-E3C4584C9E82}.Release|Any CPU.Build.0 = Release|Any CPU
		{88CBF710-69CE-4E83-8E38-E3C4584C9E82}.Release|x64.ActiveCfg = Release|Any CPU
		{88CBF710-69CE-4E83-8E38-E3C4584C9E82}.Release|x64.Build.0 = Release|Any CPU
		{88CBF710-69CE-4E83-8E38-E3C4584C9E82}.Release|x86.ActiveCfg = Release|Any CPU
		{88CBF710-69CE-4E83-8E38-E3C4584C9E82}.Release|x86.Build.0 = Release|Any CPU
		{32F73A38-43B1-4E91-85E0-2CBE65029B16}.Debug|Any CPU.ActiveCfg = Debug|Any CPU
		{32F73A38-43B1-4E91-85E0-2CBE65029B16}.Debug|Any CPU.Build.0 = Debug|Any CPU
		{32F73A38-43B1-4E91-85E0-2CBE65029B16}.Debug|x64.ActiveCfg = Debug|Any CPU
		{32F73A38-43B1-4E91-85E0-2CBE65029B16}.Debug|x64.Build.0 = Debug|Any CPU
		{32F73A38-43B1-4E91-85E0-2CBE65029B16}.Debug|x86.ActiveCfg = Debug|Any CPU
		{32F73A38-43B1-4E91-85E0-2CBE65029B16}.Debug|x86.Build.0 = Debug|Any CPU
		{32F73A38-43B1-4E91-85E0-2CBE65029B16}.Release|Any CPU.ActiveCfg = Release|Any CPU
		{32F73A38-43B1-4E91-85E0-2CBE65029B16}.Release|Any CPU.Build.0 = Release|Any CPU
		{32F73A38-43B1-4E91-85E0-2CBE65029B16}.Release|x64.ActiveCfg = Release|Any CPU
		{32F73A38-43B1-4E91-85E0-2CBE65029B16}.Release|x64.Build.0 = Release|Any CPU
		{32F73A38-43B1-4E91-85E0-2CBE65029B16}.Release|x86.ActiveCfg = Release|Any CPU
		{32F73A38-43B1-4E91-85E0-2CBE65029B16}.Release|x86.Build.0 = Release|Any CPU
		{48F97E46-5683-43E6-B1BE-0B79DABCF5F6}.Debug|Any CPU.ActiveCfg = Debug|Any CPU
		{48F97E46-5683-43E6-B1BE-0B79DABCF5F6}.Debug|Any CPU.Build.0 = Debug|Any CPU
		{48F97E46-5683-43E6-B1BE-0B79DABCF5F6}.Debug|x64.ActiveCfg = Debug|Any CPU
		{48F97E46-5683-43E6-B1BE-0B79DABCF5F6}.Debug|x64.Build.0 = Debug|Any CPU
		{48F97E46-5683-43E6-B1BE-0B79DABCF5F6}.Debug|x86.ActiveCfg = Debug|Any CPU
		{48F97E46-5683-43E6-B1BE-0B79DABCF5F6}.Debug|x86.Build.0 = Debug|Any CPU
		{48F97E46-5683-43E6-B1BE-0B79DABCF5F6}.Release|Any CPU.ActiveCfg = Release|Any CPU
		{48F97E46-5683-43E6-B1BE-0B79DABCF5F6}.Release|Any CPU.Build.0 = Release|Any CPU
		{48F97E46-5683-43E6-B1BE-0B79DABCF5F6}.Release|x64.ActiveCfg = Release|Any CPU
		{48F97E46-5683-43E6-B1BE-0B79DABCF5F6}.Release|x64.Build.0 = Release|Any CPU
		{48F97E46-5683-43E6-B1BE-0B79DABCF5F6}.Release|x86.ActiveCfg = Release|Any CPU
		{48F97E46-5683-43E6-B1BE-0B79DABCF5F6}.Release|x86.Build.0 = Release|Any CPU
		{CF67191C-F606-4E87-97BD-B3BD1C0C90ED}.Debug|Any CPU.ActiveCfg = Debug|Any CPU
		{CF67191C-F606-4E87-97BD-B3BD1C0C90ED}.Debug|Any CPU.Build.0 = Debug|Any CPU
		{CF67191C-F606-4E87-97BD-B3BD1C0C90ED}.Debug|x64.ActiveCfg = Debug|Any CPU
		{CF67191C-F606-4E87-97BD-B3BD1C0C90ED}.Debug|x64.Build.0 = Debug|Any CPU
		{CF67191C-F606-4E87-97BD-B3BD1C0C90ED}.Debug|x86.ActiveCfg = Debug|Any CPU
		{CF67191C-F606-4E87-97BD-B3BD1C0C90ED}.Debug|x86.Build.0 = Debug|Any CPU
		{CF67191C-F606-4E87-97BD-B3BD1C0C90ED}.Release|Any CPU.ActiveCfg = Release|Any CPU
		{CF67191C-F606-4E87-97BD-B3BD1C0C90ED}.Release|Any CPU.Build.0 = Release|Any CPU
		{CF67191C-F606-4E87-97BD-B3BD1C0C90ED}.Release|x64.ActiveCfg = Release|Any CPU
		{CF67191C-F606-4E87-97BD-B3BD1C0C90ED}.Release|x64.Build.0 = Release|Any CPU
		{CF67191C-F606-4E87-97BD-B3BD1C0C90ED}.Release|x86.ActiveCfg = Release|Any CPU
		{CF67191C-F606-4E87-97BD-B3BD1C0C90ED}.Release|x86.Build.0 = Release|Any CPU
		{3C91C820-FC08-4756-8897-351D07D48727}.Debug|Any CPU.ActiveCfg = Debug|Any CPU
		{3C91C820-FC08-4756-8897-351D07D48727}.Debug|Any CPU.Build.0 = Debug|Any CPU
		{3C91C820-FC08-4756-8897-351D07D48727}.Debug|x64.ActiveCfg = Debug|Any CPU
		{3C91C820-FC08-4756-8897-351D07D48727}.Debug|x64.Build.0 = Debug|Any CPU
		{3C91C820-FC08-4756-8897-351D07D48727}.Debug|x86.ActiveCfg = Debug|Any CPU
		{3C91C820-FC08-4756-8897-351D07D48727}.Debug|x86.Build.0 = Debug|Any CPU
		{3C91C820-FC08-4756-8897-351D07D48727}.Release|Any CPU.ActiveCfg = Release|Any CPU
		{3C91C820-FC08-4756-8897-351D07D48727}.Release|Any CPU.Build.0 = Release|Any CPU
		{3C91C820-FC08-4756-8897-351D07D48727}.Release|x64.ActiveCfg = Release|Any CPU
		{3C91C820-FC08-4756-8897-351D07D48727}.Release|x64.Build.0 = Release|Any CPU
		{3C91C820-FC08-4756-8897-351D07D48727}.Release|x86.ActiveCfg = Release|Any CPU
		{3C91C820-FC08-4756-8897-351D07D48727}.Release|x86.Build.0 = Release|Any CPU
	EndGlobalSection
	GlobalSection(SolutionProperties) = preSolution
		HideSolutionNode = FALSE
	EndGlobalSection
	GlobalSection(NestedProjects) = preSolution
		{117D9B17-4155-4706-89C8-B8B23B21C70D} = {827E0CD3-B72D-47B6-A68D-7590B98EB39B}
		{88CBF710-69CE-4E83-8E38-E3C4584C9E82} = {827E0CD3-B72D-47B6-A68D-7590B98EB39B}
		{32F73A38-43B1-4E91-85E0-2CBE65029B16} = {0AB3BF05-4346-4AA6-1389-037BE0695223}
		{48F97E46-5683-43E6-B1BE-0B79DABCF5F6} = {827E0CD3-B72D-47B6-A68D-7590B98EB39B}
		{CF67191C-F606-4E87-97BD-B3BD1C0C90ED} = {0AB3BF05-4346-4AA6-1389-037BE0695223}
		{3C91C820-FC08-4756-8897-351D07D48727} = {827E0CD3-B72D-47B6-A68D-7590B98EB39B}
	EndGlobalSection
EndGlobal
